
Microsoft Visual Studio Solution File, Format Version 12.00
# Visual Studio Version 17
VisualStudioVersion = 17.12.35209.166
MinimumVisualStudioVersion = 10.0.40219.1
Project("{FAE04EC0-301F-11D3-BF4B-00C04F79EFBC}") = "icare", "icare\icare.csproj", "{7A47F658-1A59-4DD5-AFD2-A641CED96805}"
EndProject
Project("{FAE04EC0-301F-11D3-BF4B-00C04F79EFBC}") = "icare.data", "icare.data\icare.data.csproj", "{6C9D945C-6749-4A18-ADFC-8A18E8B67B45}"
EndProject
Global
	GlobalSection(SolutionConfigurationPlatforms) = preSolution
		Debug|Any CPU = Debug|Any CPU
		Release|Any CPU = Release|Any CPU
	EndGlobalSection
	GlobalSection(ProjectConfigurationPlatforms) = postSolution
		{7A47F658-1A59-4DD5-AFD2-A641CED96805}.Debug|Any CPU.ActiveCfg = Debug|Any CPU
		{7A47F658-1A59-4DD5-AFD2-A641CED96805}.Debug|Any CPU.Build.0 = Debug|Any CPU
		{7A47F658-1A59-4DD5-AFD2-A641CED96805}.Debug|Any CPU.Deploy.0 = Debug|Any CPU
		{7A47F658-1A59-4DD5-AFD2-A641CED96805}.Release|Any CPU.ActiveCfg = Release|Any CPU
		{7A47F658-1A59-4DD5-AFD2-A641CED96805}.Release|Any CPU.Build.0 = Release|Any CPU
		{6C9D945C-6749-4A18-ADFC-8A18E8B67B45}.Debug|Any CPU.ActiveCfg = Debug|Any CPU
		{6C9D945C-6749-4A18-ADFC-8A18E8B67B45}.Debug|Any CPU.Build.0 = Debug|Any CPU
		{6C9D945C-6749-4A18-ADFC-8A18E8B67B45}.Release|Any CPU.ActiveCfg = Release|Any CPU
		{6C9D945C-6749-4A18-ADFC-8A18E8B67B45}.Release|Any CPU.Build.0 = Release|Any CPU
	EndGlobalSection
	GlobalSection(SolutionProperties) = preSolution
		HideSolutionNode = FALSE
	EndGlobalSection
EndGlobal
